// !$*UTF8*$!
{
	archiveVersion = 1;
	classes = {
	};
	objectVersion = 55;
	objects = {

/* Begin PBXBuildFile section */
		8240236C26B861FC0029EBAB /* mobileTimeTestApp.swift in Sources */ = {isa = PBXBuildFile; fileRef = 8240236B26B861FC0029EBAB /* mobileTimeTestApp.swift */; };
		8240237026B861FD0029EBAB /* Assets.xcassets in Resources */ = {isa = PBXBuildFile; fileRef = 8240236F26B861FD0029EBAB /* Assets.xcassets */; };
		8240237326B861FD0029EBAB /* Preview Assets.xcassets in Resources */ = {isa = PBXBuildFile; fileRef = 8240237226B861FD0029EBAB /* Preview Assets.xcassets */; };
		8240237A26B862350029EBAB /* MapViewModel.swift in Sources */ = {isa = PBXBuildFile; fileRef = 8240237926B862350029EBAB /* MapViewModel.swift */; };
		8240237D26B8625E0029EBAB /* MapScreen.swift in Sources */ = {isa = PBXBuildFile; fileRef = 8240237B26B8625E0029EBAB /* MapScreen.swift */; };
		8240237E26B8625E0029EBAB /* MapView.swift in Sources */ = {isa = PBXBuildFile; fileRef = 8240237C26B8625E0029EBAB /* MapView.swift */; };
		8240238026B863210029EBAB /* SegmentedPickerView.swift in Sources */ = {isa = PBXBuildFile; fileRef = 8240237F26B863210029EBAB /* SegmentedPickerView.swift */; };
		8240238326B88AE60029EBAB /* FloatingSegmentedControl in Frameworks */ = {isa = PBXBuildFile; productRef = 8240238226B88AE60029EBAB /* FloatingSegmentedControl */; };
		8240238626B8B4050029EBAB /* MapSearchView.swift in Sources */ = {isa = PBXBuildFile; fileRef = 8240238526B8B4050029EBAB /* MapSearchView.swift */; };
		8240238826B8B42F0029EBAB /* MapTopButtonsView.swift in Sources */ = {isa = PBXBuildFile; fileRef = 8240238726B8B42F0029EBAB /* MapTopButtonsView.swift */; };
		8240238A26B8B47F0029EBAB /* MapSearchFormView.swift in Sources */ = {isa = PBXBuildFile; fileRef = 8240238926B8B47F0029EBAB /* MapSearchFormView.swift */; };
		8240238C26B8B4A00029EBAB /* MapViewMenu.swift in Sources */ = {isa = PBXBuildFile; fileRef = 8240238B26B8B4A00029EBAB /* MapViewMenu.swift */; };
		8240238E26B8B4CA0029EBAB /* MapViewToggles.swift in Sources */ = {isa = PBXBuildFile; fileRef = 8240238D26B8B4CA0029EBAB /* MapViewToggles.swift */; };
		8240239026B8B5000029EBAB /* MapMenuButton.swift in Sources */ = {isa = PBXBuildFile; fileRef = 8240238F26B8B5000029EBAB /* MapMenuButton.swift */; };
/* End PBXBuildFile section */

/* Begin PBXFileReference section */
		8240236826B861FC0029EBAB /* mobileTimeTest.app */ = {isa = PBXFileReference; explicitFileType = wrapper.application; includeInIndex = 0; path = mobileTimeTest.app; sourceTree = BUILT_PRODUCTS_DIR; };
		8240236B26B861FC0029EBAB /* mobileTimeTestApp.swift */ = {isa = PBXFileReference; lastKnownFileType = sourcecode.swift; path = mobileTimeTestApp.swift; sourceTree = "<group>"; };
		8240236F26B861FD0029EBAB /* Assets.xcassets */ = {isa = PBXFileReference; lastKnownFileType = folder.assetcatalog; path = Assets.xcassets; sourceTree = "<group>"; };
		8240237226B861FD0029EBAB /* Preview Assets.xcassets */ = {isa = PBXFileReference; lastKnownFileType = folder.assetcatalog; path = "Preview Assets.xcassets"; sourceTree = "<group>"; };
		8240237926B862350029EBAB /* MapViewModel.swift */ = {isa = PBXFileReference; fileEncoding = 4; lastKnownFileType = sourcecode.swift; path = MapViewModel.swift; sourceTree = "<group>"; };
		8240237B26B8625E0029EBAB /* MapScreen.swift */ = {isa = PBXFileReference; fileEncoding = 4; lastKnownFileType = sourcecode.swift; path = MapScreen.swift; sourceTree = "<group>"; };
		8240237C26B8625E0029EBAB /* MapView.swift */ = {isa = PBXFileReference; fileEncoding = 4; lastKnownFileType = sourcecode.swift; path = MapView.swift; sourceTree = "<group>"; };
		8240237F26B863210029EBAB /* SegmentedPickerView.swift */ = {isa = PBXFileReference; fileEncoding = 4; lastKnownFileType = sourcecode.swift; path = SegmentedPickerView.swift; sourceTree = "<group>"; };
		8240238526B8B4050029EBAB /* MapSearchView.swift */ = {isa = PBXFileReference; lastKnownFileType = sourcecode.swift; path = MapSearchView.swift; sourceTree = "<group>"; };
		8240238726B8B42F0029EBAB /* MapTopButtonsView.swift */ = {isa = PBXFileReference; lastKnownFileType = sourcecode.swift; path = MapTopButtonsView.swift; sourceTree = "<group>"; };
		8240238926B8B47F0029EBAB /* MapSearchFormView.swift */ = {isa = PBXFileReference; lastKnownFileType = sourcecode.swift; path = MapSearchFormView.swift; sourceTree = "<group>"; };
		8240238B26B8B4A00029EBAB /* MapViewMenu.swift */ = {isa = PBXFileReference; lastKnownFileType = sourcecode.swift; path = MapViewMenu.swift; sourceTree = "<group>"; };
		8240238D26B8B4CA0029EBAB /* MapViewToggles.swift */ = {isa = PBXFileReference; lastKnownFileType = sourcecode.swift; path = MapViewToggles.swift; sourceTree = "<group>"; };
		8240238F26B8B5000029EBAB /* MapMenuButton.swift */ = {isa = PBXFileReference; lastKnownFileType = sourcecode.swift; path = MapMenuButton.swift; sourceTree = "<group>"; };
/* End PBXFileReference section */

/* Begin PBXFrameworksBuildPhase section */
		8240236526B861FC0029EBAB /* Frameworks */ = {
			isa = PBXFrameworksBuildPhase;
			buildActionMask = 2147483647;
			files = (
				8240238326B88AE60029EBAB /* FloatingSegmentedControl in Frameworks */,
			);
			runOnlyForDeploymentPostprocessing = 0;
		};
/* End PBXFrameworksBuildPhase section */

/* Begin PBXGroup section */
		8240235F26B861FC0029EBAB = {
			isa = PBXGroup;
			children = (
				8240236A26B861FC0029EBAB /* mobileTimeTest */,
				8240236926B861FC0029EBAB /* Products */,
			);
			sourceTree = "<group>";
		};
		8240236926B861FC0029EBAB /* Products */ = {
			isa = PBXGroup;
			children = (
				8240236826B861FC0029EBAB /* mobileTimeTest.app */,
			);
			name = Products;
			sourceTree = "<group>";
		};
		8240236A26B861FC0029EBAB /* mobileTimeTest */ = {
			isa = PBXGroup;
			children = (
				8240238426B8B3D40029EBAB /* MapScreens */,
				8240237F26B863210029EBAB /* SegmentedPickerView.swift */,
				8240237926B862350029EBAB /* MapViewModel.swift */,
				8240236B26B861FC0029EBAB /* mobileTimeTestApp.swift */,
				8240236F26B861FD0029EBAB /* Assets.xcassets */,
				8240237126B861FD0029EBAB /* Preview Content */,
			);
			path = mobileTimeTest;
			sourceTree = "<group>";
		};
		8240237126B861FD0029EBAB /* Preview Content */ = {
			isa = PBXGroup;
			children = (
				8240237226B861FD0029EBAB /* Preview Assets.xcassets */,
			);
			path = "Preview Content";
			sourceTree = "<group>";
		};
		8240238426B8B3D40029EBAB /* MapScreens */ = {
			isa = PBXGroup;
			children = (
				8240237B26B8625E0029EBAB /* MapScreen.swift */,
				8240238526B8B4050029EBAB /* MapSearchView.swift */,
				8240238726B8B42F0029EBAB /* MapTopButtonsView.swift */,
				8240238926B8B47F0029EBAB /* MapSearchFormView.swift */,
				8240238B26B8B4A00029EBAB /* MapViewMenu.swift */,
				8240238D26B8B4CA0029EBAB /* MapViewToggles.swift */,
				8240238F26B8B5000029EBAB /* MapMenuButton.swift */,
				8240237C26B8625E0029EBAB /* MapView.swift */,
			);
			path = MapScreens;
			sourceTree = "<group>";
		};
/* End PBXGroup section */

/* Begin PBXNativeTarget section */
		8240236726B861FC0029EBAB /* mobileTimeTest */ = {
			isa = PBXNativeTarget;
			buildConfigurationList = 8240237626B861FD0029EBAB /* Build configuration list for PBXNativeTarget "mobileTimeTest" */;
			buildPhases = (
				8240236426B861FC0029EBAB /* Sources */,
				8240236526B861FC0029EBAB /* Frameworks */,
				8240236626B861FC0029EBAB /* Resources */,
			);
			buildRules = (
			);
			dependencies = (
			);
			name = mobileTimeTest;
			packageProductDependencies = (
				8240238226B88AE60029EBAB /* FloatingSegmentedControl */,
			);
			productName = mobileTimeTest;
			productReference = 8240236826B861FC0029EBAB /* mobileTimeTest.app */;
			productType = "com.apple.product-type.application";
		};
/* End PBXNativeTarget section */

/* Begin PBXProject section */
		8240236026B861FC0029EBAB /* Project object */ = {
			isa = PBXProject;
			attributes = {
				BuildIndependentTargetsInParallel = 1;
				LastSwiftUpdateCheck = 1300;
				LastUpgradeCheck = 1300;
				TargetAttributes = {
					8240236726B861FC0029EBAB = {
						CreatedOnToolsVersion = 13.0;
					};
				};
			};
			buildConfigurationList = 8240236326B861FC0029EBAB /* Build configuration list for PBXProject "mobileTimeTest" */;
			compatibilityVersion = "Xcode 13.0";
			developmentRegion = en;
			hasScannedForEncodings = 0;
			knownRegions = (
				en,
				Base,
			);
			mainGroup = 8240235F26B861FC0029EBAB;
			packageReferences = (
				8240238126B88AE60029EBAB /* XCRemoteSwiftPackageReference "FloatingSegmentedControl" */,
			);
			productRefGroup = 8240236926B861FC0029EBAB /* Products */;
			projectDirPath = "";
			projectRoot = "";
			targets = (
				8240236726B861FC0029EBAB /* mobileTimeTest */,
			);
		};
/* End PBXProject section */

/* Begin PBXResourcesBuildPhase section */
		8240236626B861FC0029EBAB /* Resources */ = {
			isa = PBXResourcesBuildPhase;
			buildActionMask = 2147483647;
			files = (
				8240237326B861FD0029EBAB /* Preview Assets.xcassets in Resources */,
				8240237026B861FD0029EBAB /* Assets.xcassets in Resources */,
			);
			runOnlyForDeploymentPostprocessing = 0;
		};
/* End PBXResourcesBuildPhase section */

/* Begin PBXSourcesBuildPhase section */
		8240236426B861FC0029EBAB /* Sources */ = {
			isa = PBXSourcesBuildPhase;
			buildActionMask = 2147483647;
			files = (
				8240238826B8B42F0029EBAB /* MapTopButtonsView.swift in Sources */,
				8240237D26B8625E0029EBAB /* MapScreen.swift in Sources */,
				8240238C26B8B4A00029EBAB /* MapViewMenu.swift in Sources */,
				8240237E26B8625E0029EBAB /* MapView.swift in Sources */,
				8240238026B863210029EBAB /* SegmentedPickerView.swift in Sources */,
				8240239026B8B5000029EBAB /* MapMenuButton.swift in Sources */,
				8240236C26B861FC0029EBAB /* mobileTimeTestApp.swift in Sources */,
				8240238A26B8B47F0029EBAB /* MapSearchFormView.swift in Sources */,
				8240237A26B862350029EBAB /* MapViewModel.swift in Sources */,
				8240238626B8B4050029EBAB /* MapSearchView.swift in Sources */,
				8240238E26B8B4CA0029EBAB /* MapViewToggles.swift in Sources */,
			);
			runOnlyForDeploymentPostprocessing = 0;
		};
/* End PBXSourcesBuildPhase section */

/* Begin XCBuildConfiguration section */
		8240237426B861FD0029EBAB /* Debug */ = {
			isa = XCBuildConfiguration;
			buildSettings = {
				ALWAYS_SEARCH_USER_PATHS = NO;
				CLANG_ANALYZER_NONNULL = YES;
				CLANG_ANALYZER_NUMBER_OBJECT_CONVERSION = YES_AGGRESSIVE;
				CLANG_CXX_LANGUAGE_STANDARD = "gnu++17";
				CLANG_CXX_LIBRARY = "libc++";
				CLANG_ENABLE_MODULES = YES;
				CLANG_ENABLE_OBJC_ARC = YES;
				CLANG_ENABLE_OBJC_WEAK = YES;
				CLANG_WARN_BLOCK_CAPTURE_AUTORELEASING = YES;
				CLANG_WARN_BOOL_CONVERSION = YES;
				CLANG_WARN_COMMA = YES;
				CLANG_WARN_CONSTANT_CONVERSION = YES;
				CLANG_WARN_DEPRECATED_OBJC_IMPLEMENTATIONS = YES;
				CLANG_WARN_DIRECT_OBJC_ISA_USAGE = YES_ERROR;
				CLANG_WARN_DOCUMENTATION_COMMENTS = YES;
				CLANG_WARN_EMPTY_BODY = YES;
				CLANG_WARN_ENUM_CONVERSION = YES;
				CLANG_WARN_INFINITE_RECURSION = YES;
				CLANG_WARN_INT_CONVERSION = YES;
				CLANG_WARN_NON_LITERAL_NULL_CONVERSION = YES;
				CLANG_WARN_OBJC_IMPLICIT_RETAIN_SELF = YES;
				CLANG_WARN_OBJC_LITERAL_CONVERSION = YES;
				CLANG_WARN_OBJC_ROOT_CLASS = YES_ERROR;
				CLANG_WARN_QUOTED_INCLUDE_IN_FRAMEWORK_HEADER = YES;
				CLANG_WARN_RANGE_LOOP_ANALYSIS = YES;
				CLANG_WARN_STRICT_PROTOTYPES = YES;
				CLANG_WARN_SUSPICIOUS_MOVE = YES;
				CLANG_WARN_UNGUARDED_AVAILABILITY = YES_AGGRESSIVE;
				CLANG_WARN_UNREACHABLE_CODE = YES;
				CLANG_WARN__DUPLICATE_METHOD_MATCH = YES;
				COPY_PHASE_STRIP = NO;
				DEBUG_INFORMATION_FORMAT = dwarf;
				ENABLE_STRICT_OBJC_MSGSEND = YES;
				ENABLE_TESTABILITY = YES;
				GCC_C_LANGUAGE_STANDARD = gnu11;
				GCC_DYNAMIC_NO_PIC = NO;
				GCC_NO_COMMON_BLOCKS = YES;
				GCC_OPTIMIZATION_LEVEL = 0;
				GCC_PREPROCESSOR_DEFINITIONS = (
					"DEBUG=1",
					"$(inherited)",
				);
				GCC_WARN_64_TO_32_BIT_CONVERSION = YES;
				GCC_WARN_ABOUT_RETURN_TYPE = YES_ERROR;
				GCC_WARN_UNDECLARED_SELECTOR = YES;
				GCC_WARN_UNINITIALIZED_AUTOS = YES_AGGRESSIVE;
				GCC_WARN_UNUSED_FUNCTION = YES;
				GCC_WARN_UNUSED_VARIABLE = YES;
				IPHONEOS_DEPLOYMENT_TARGET = 15.0;
				MTL_ENABLE_DEBUG_INFO = INCLUDE_SOURCE;
				MTL_FAST_MATH = YES;
				ONLY_ACTIVE_ARCH = YES;
				SDKROOT = iphoneos;
				SWIFT_ACTIVE_COMPILATION_CONDITIONS = DEBUG;
				SWIFT_OPTIMIZATION_LEVEL = "-Onone";
			};
			name = Debug;
		};
		8240237526B861FD0029EBAB /* Release */ = {
			isa = XCBuildConfiguration;
			buildSettings = {
				ALWAYS_SEARCH_USER_PATHS = NO;
				CLANG_ANALYZER_NONNULL = YES;
				CLANG_ANALYZER_NUMBER_OBJECT_CONVERSION = YES_AGGRESSIVE;
				CLANG_CXX_LANGUAGE_STANDARD = "gnu++17";
				CLANG_CXX_LIBRARY = "libc++";
				CLANG_ENABLE_MODULES = YES;
				CLANG_ENABLE_OBJC_ARC = YES;
				CLANG_ENABLE_OBJC_WEAK = YES;
				CLANG_WARN_BLOCK_CAPTURE_AUTORELEASING = YES;
				CLANG_WARN_BOOL_CONVERSION = YES;
				CLANG_WARN_COMMA = YES;
				CLANG_WARN_CONSTANT_CONVERSION = YES;
				CLANG_WARN_DEPRECATED_OBJC_IMPLEMENTATIONS = YES;
				CLANG_WARN_DIRECT_OBJC_ISA_USAGE = YES_ERROR;
				CLANG_WARN_DOCUMENTATION_COMMENTS = YES;
				CLANG_WARN_EMPTY_BODY = YES;
				CLANG_WARN_ENUM_CONVERSION = YES;
				CLANG_WARN_INFINITE_RECURSION = YES;
				CLANG_WARN_INT_CONVERSION = YES;
				CLANG_WARN_NON_LITERAL_NULL_CONVERSION = YES;
				CLANG_WARN_OBJC_IMPLICIT_RETAIN_SELF = YES;
				CLANG_WARN_OBJC_LITERAL_CONVERSION = YES;
				CLANG_WARN_OBJC_ROOT_CLASS = YES_ERROR;
				CLANG_WARN_QUOTED_INCLUDE_IN_FRAMEWORK_HEADER = YES;
				CLANG_WARN_RANGE_LOOP_ANALYSIS = YES;
				CLANG_WARN_STRICT_PROTOTYPES = YES;
				CLANG_WARN_SUSPICIOUS_MOVE = YES;
				CLANG_WARN_UNGUARDED_AVAILABILITY = YES_AGGRESSIVE;
				CLANG_WARN_UNREACHABLE_CODE = YES;
				CLANG_WARN__DUPLICATE_METHOD_MATCH = YES;
				COPY_PHASE_STRIP = NO;
				DEBUG_INFORMATION_FORMAT = "dwarf-with-dsym";
				ENABLE_NS_ASSERTIONS = NO;
				ENABLE_STRICT_OBJC_MSGSEND = YES;
				GCC_C_LANGUAGE_STANDARD = gnu11;
				GCC_NO_COMMON_BLOCKS = YES;
				GCC_WARN_64_TO_32_BIT_CONVERSION = YES;
				GCC_WARN_ABOUT_RETURN_TYPE = YES_ERROR;
				GCC_WARN_UNDECLARED_SELECTOR = YES;
				GCC_WARN_UNINITIALIZED_AUTOS = YES_AGGRESSIVE;
				GCC_WARN_UNUSED_FUNCTION = YES;
				GCC_WARN_UNUSED_VARIABLE = YES;
				IPHONEOS_DEPLOYMENT_TARGET = 15.0;
				MTL_ENABLE_DEBUG_INFO = NO;
				MTL_FAST_MATH = YES;
				SDKROOT = iphoneos;
				SWIFT_COMPILATION_MODE = wholemodule;
				SWIFT_OPTIMIZATION_LEVEL = "-O";
				VALIDATE_PRODUCT = YES;
			};
			name = Release;
		};
		8240237726B861FD0029EBAB /* Debug */ = {
			isa = XCBuildConfiguration;
			buildSettings = {
				ASSETCATALOG_COMPILER_APPICON_NAME = AppIcon;
				ASSETCATALOG_COMPILER_GLOBAL_ACCENT_COLOR_NAME = AccentColor;
				CODE_SIGN_STYLE = Automatic;
				CURRENT_PROJECT_VERSION = 1;
				DEVELOPMENT_ASSET_PATHS = "\"mobileTimeTest/Preview Content\"";
				DEVELOPMENT_TEAM = 4S2YJ3729X;
				ENABLE_PREVIEWS = YES;
				GENERATE_INFOPLIST_FILE = YES;
				INFOPLIST_KEY_UIApplicationSceneManifest_Generation = YES;
				INFOPLIST_KEY_UIApplicationSupportsIndirectInputEvents = YES;
				INFOPLIST_KEY_UILaunchScreen_Generation = YES;
				INFOPLIST_KEY_UISupportedInterfaceOrientations_iPad = "UIInterfaceOrientationPortrait UIInterfaceOrientationPortraitUpsideDown UIInterfaceOrientationLandscapeLeft UIInterfaceOrientationLandscapeRight";
				INFOPLIST_KEY_UISupportedInterfaceOrientations_iPhone = "UIInterfaceOrientationPortrait UIInterfaceOrientationLandscapeLeft UIInterfaceOrientationLandscapeRight";
				IPHONEOS_DEPLOYMENT_TARGET = 14.0;
				LD_RUNPATH_SEARCH_PATHS = (
					"$(inherited)",
					"@executable_path/Frameworks",
				);
				MARKETING_VERSION = 1.0;
				PRODUCT_BUNDLE_IDENTIFIER = com.shantwonlimiteddevelopment.mobileTimeTest;
				PRODUCT_NAME = "$(TARGET_NAME)";
				SWIFT_EMIT_LOC_STRINGS = YES;
				SWIFT_VERSION = 5.0;
				TARGETED_DEVICE_FAMILY = "1,2";
			};
			name = Debug;
		};
		8240237826B861FD0029EBAB /* Release */ = {
			isa = XCBuildConfiguration;
			buildSettings = {
				ASSETCATALOG_COMPILER_APPICON_NAME = AppIcon;
				ASSETCATALOG_COMPILER_GLOBAL_ACCENT_COLOR_NAME = AccentColor;
				CODE_SIGN_STYLE = Automatic;
				CURRENT_PROJECT_VERSION = 1;
				DEVELOPMENT_ASSET_PATHS = "\"mobileTimeTest/Preview Content\"";
				DEVELOPMENT_TEAM = 4S2YJ3729X;
				ENABLE_PREVIEWS = YES;
				GENERATE_INFOPLIST_FILE = YES;
				INFOPLIST_KEY_UIApplicationSceneManifest_Generation = YES;
				INFOPLIST_KEY_UIApplicationSupportsIndirectInputEvents = YES;
				INFOPLIST_KEY_UILaunchScreen_Generation = YES;
				INFOPLIST_KEY_UISupportedInterfaceOrientations_iPad = "UIInterfaceOrientationPortrait UIInterfaceOrientationPortraitUpsideDown UIInterfaceOrientationLandscapeLeft UIInterfaceOrientationLandscapeRight";
				INFOPLIST_KEY_UISupportedInterfaceOrientations_iPhone = "UIInterfaceOrientationPortrait UIInterfaceOrientationLandscapeLeft UIInterfaceOrientationLandscapeRight";
				IPHONEOS_DEPLOYMENT_TARGET = 14.0;
				LD_RUNPATH_SEARCH_PATHS = (
					"$(inherited)",
					"@executable_path/Frameworks",
				);
				MARKETING_VERSION = 1.0;
				PRODUCT_BUNDLE_IDENTIFIER = com.shantwonlimiteddevelopment.mobileTimeTest;
				PRODUCT_NAME = "$(TARGET_NAME)";
				SWIFT_EMIT_LOC_STRINGS = YES;
				SWIFT_VERSION = 5.0;
				TARGETED_DEVICE_FAMILY = "1,2";
			};
			name = Release;
		};
/* End XCBuildConfiguration section */

/* Begin XCConfigurationList section */
		8240236326B861FC0029EBAB /* Build configuration list for PBXProject "mobileTimeTest" */ = {
			isa = XCConfigurationList;
			buildConfigurations = (
				8240237426B861FD0029EBAB /* Debug */,
				8240237526B861FD0029EBAB /* Release */,
			);
			defaultConfigurationIsVisible = 0;
			defaultConfigurationName = Release;
		};
		8240237626B861FD0029EBAB /* Build configuration list for PBXNativeTarget "mobileTimeTest" */ = {
			isa = XCConfigurationList;
			buildConfigurations = (
				8240237726B861FD0029EBAB /* Debug */,
				8240237826B861FD0029EBAB /* Release */,
			);
			defaultConfigurationIsVisible = 0;
			defaultConfigurationName = Release;
		};
/* End XCConfigurationList section */

/* Begin XCRemoteSwiftPackageReference section */
		8240238126B88AE60029EBAB /* XCRemoteSwiftPackageReference "FloatingSegmentedControl" */ = {
			isa = XCRemoteSwiftPackageReference;
			repositoryURL = "https://github.com/darioGzlez/FloatingSegmentedControl.git";
			requirement = {
				kind = upToNextMajorVersion;
				minimumVersion = 1.0.0;
			};
		};
/* End XCRemoteSwiftPackageReference section */

/* Begin XCSwiftPackageProductDependency section */
		8240238226B88AE60029EBAB /* FloatingSegmentedControl */ = {
			isa = XCSwiftPackageProductDependency;
			package = 8240238126B88AE60029EBAB /* XCRemoteSwiftPackageReference "FloatingSegmentedControl" */;
			productName = FloatingSegmentedControl;
		};
/* End XCSwiftPackageProductDependency section */
	};
	rootObject = 8240236026B861FC0029EBAB /* Project object */;
}
